
Microsoft Visual Studio Solution File, Format Version 12.00
# Visual Studio Version 17
VisualStudioVersion = 17.6.33829.357
MinimumVisualStudioVersion = 10.0.40219.1
Project("{9A19103F-16F7-4668-BE54-9A1E7A4F7556}") = "IBasket", "FirstRazor\IBasket.csproj", "{C2C0C66F-05D4-482A-AF39-B468FDD7269F}"
EndProject
Global
	GlobalSection(SolutionConfigurationPlatforms) = preSolution
		Debug|Any CPU = Debug|Any CPU
		Release|Any CPU = Release|Any CPU
	EndGlobalSection
	GlobalSection(ProjectConfigurationPlatforms) = postSolution
		{C2C0C66F-05D4-482A-AF39-B468FDD7269F}.Debug|Any CPU.ActiveCfg = Debug|Any CPU
		{C2C0C66F-05D4-482A-AF39-B468FDD7269F}.Debug|Any CPU.Build.0 = Debug|Any CPU
		{C2C0C66F-05D4-482A-AF39-B468FDD7269F}.Release|Any CPU.ActiveCfg = Release|Any CPU
		{C2C0C66F-05D4-482A-AF39-B468FDD7269F}.Release|Any CPU.Build.0 = Release|Any CPU
	EndGlobalSection
	GlobalSection(SolutionProperties) = preSolution
		HideSolutionNode = FALSE
	EndGlobalSection
	GlobalSection(ExtensibilityGlobals) = postSolution
		SolutionGuid = {AC493419-C212-4322-8C7B-CD5BB7E96F28}
	EndGlobalSection
EndGlobal
